
Microsoft Visual Studio Solution File, Format Version 12.00
# Visual Studio 15
VisualStudioVersion = 15.0.26124.0
MinimumVisualStudioVersion = 15.0.26124.0
Project("{FAE04EC0-301F-11D3-BF4B-00C04F79EFBC}") = "PokeAPI", "PokeAPI\PokeAPI.csproj", "{AB19B092-7784-4989-9232-5B63B2AE93E8}"
EndProject
Project("{FAE04EC0-301F-11D3-BF4B-00C04F79EFBC}") = "Services", "Services\Services.csproj", "{67A07A4D-F340-4D59-ACBA-C10F0816FDE9}"
EndProject
Project("{FAE04EC0-301F-11D3-BF4B-00C04F79EFBC}") = "Persistence", "Persistence\Persistence.csproj", "{2067DDC8-86A1-4A44-A2BC-969BB2B4706B}"
EndProject
Project("{FAE04EC0-301F-11D3-BF4B-00C04F79EFBC}") = "Domain", "Domain\Domain.csproj", "{2DB01C45-2CB1-46F5-BCD4-AB310F166E41}"
EndProject
Global
	GlobalSection(SolutionConfigurationPlatforms) = preSolution
		Debug|Any CPU = Debug|Any CPU
		Debug|x64 = Debug|x64
		Debug|x86 = Debug|x86
		Release|Any CPU = Release|Any CPU
		Release|x64 = Release|x64
		Release|x86 = Release|x86
	EndGlobalSection
	GlobalSection(SolutionProperties) = preSolution
		HideSolutionNode = FALSE
	EndGlobalSection
	GlobalSection(ProjectConfigurationPlatforms) = postSolution
		{AB19B092-7784-4989-9232-5B63B2AE93E8}.Debug|Any CPU.ActiveCfg = Debug|Any CPU
		{AB19B092-7784-4989-9232-5B63B2AE93E8}.Debug|Any CPU.Build.0 = Debug|Any CPU
		{AB19B092-7784-4989-9232-5B63B2AE93E8}.Debug|x64.ActiveCfg = Debug|Any CPU
		{AB19B092-7784-4989-9232-5B63B2AE93E8}.Debug|x64.Build.0 = Debug|Any CPU
		{AB19B092-7784-4989-9232-5B63B2AE93E8}.Debug|x86.ActiveCfg = Debug|Any CPU
		{AB19B092-7784-4989-9232-5B63B2AE93E8}.Debug|x86.Build.0 = Debug|Any CPU
		{AB19B092-7784-4989-9232-5B63B2AE93E8}.Release|Any CPU.ActiveCfg = Release|Any CPU
		{AB19B092-7784-4989-9232-5B63B2AE93E8}.Release|Any CPU.Build.0 = Release|Any CPU
		{AB19B092-7784-4989-9232-5B63B2AE93E8}.Release|x64.ActiveCfg = Release|Any CPU
		{AB19B092-7784-4989-9232-5B63B2AE93E8}.Release|x64.Build.0 = Release|Any CPU
		{AB19B092-7784-4989-9232-5B63B2AE93E8}.Release|x86.ActiveCfg = Release|Any CPU
		{AB19B092-7784-4989-9232-5B63B2AE93E8}.Release|x86.Build.0 = Release|Any CPU
		{67A07A4D-F340-4D59-ACBA-C10F0816FDE9}.Debug|Any CPU.ActiveCfg = Debug|Any CPU
		{67A07A4D-F340-4D59-ACBA-C10F0816FDE9}.Debug|Any CPU.Build.0 = Debug|Any CPU
		{67A07A4D-F340-4D59-ACBA-C10F0816FDE9}.Debug|x64.ActiveCfg = Debug|Any CPU
		{67A07A4D-F340-4D59-ACBA-C10F0816FDE9}.Debug|x64.Build.0 = Debug|Any CPU
		{67A07A4D-F340-4D59-ACBA-C10F0816FDE9}.Debug|x86.ActiveCfg = Debug|Any CPU
		{67A07A4D-F340-4D59-ACBA-C10F0816FDE9}.Debug|x86.Build.0 = Debug|Any CPU
		{67A07A4D-F340-4D59-ACBA-C10F0816FDE9}.Release|Any CPU.ActiveCfg = Release|Any CPU
		{67A07A4D-F340-4D59-ACBA-C10F0816FDE9}.Release|Any CPU.Build.0 = Release|Any CPU
		{67A07A4D-F340-4D59-ACBA-C10F0816FDE9}.Release|x64.ActiveCfg = Release|Any CPU
		{67A07A4D-F340-4D59-ACBA-C10F0816FDE9}.Release|x64.Build.0 = Release|Any CPU
		{67A07A4D-F340-4D59-ACBA-C10F0816FDE9}.Release|x86.ActiveCfg = Release|Any CPU
		{67A07A4D-F340-4D59-ACBA-C10F0816FDE9}.Release|x86.Build.0 = Release|Any CPU
		{2067DDC8-86A1-4A44-A2BC-969BB2B4706B}.Debug|Any CPU.ActiveCfg = Debug|Any CPU
		{2067DDC8-86A1-4A44-A2BC-969BB2B4706B}.Debug|Any CPU.Build.0 = Debug|Any CPU
		{2067DDC8-86A1-4A44-A2BC-969BB2B4706B}.Debug|x64.ActiveCfg = Debug|Any CPU
		{2067DDC8-86A1-4A44-A2BC-969BB2B4706B}.Debug|x64.Build.0 = Debug|Any CPU
		{2067DDC8-86A1-4A44-A2BC-969BB2B4706B}.Debug|x86.ActiveCfg = Debug|Any CPU
		{2067DDC8-86A1-4A44-A2BC-969BB2B4706B}.Debug|x86.Build.0 = Debug|Any CPU
		{2067DDC8-86A1-4A44-A2BC-969BB2B4706B}.Release|Any CPU.ActiveCfg = Release|Any CPU
		{2067DDC8-86A1-4A44-A2BC-969BB2B4706B}.Release|Any CPU.Build.0 = Release|Any CPU
		{2067DDC8-86A1-4A44-A2BC-969BB2B4706B}.Release|x64.ActiveCfg = Release|Any CPU
		{2067DDC8-86A1-4A44-A2BC-969BB2B4706B}.Release|x64.Build.0 = Release|Any CPU
		{2067DDC8-86A1-4A44-A2BC-969BB2B4706B}.Release|x86.ActiveCfg = Release|Any CPU
		{2067DDC8-86A1-4A44-A2BC-969BB2B4706B}.Release|x86.Build.0 = Release|Any CPU
		{2DB01C45-2CB1-46F5-BCD4-AB310F166E41}.Debug|Any CPU.ActiveCfg = Debug|Any CPU
		{2DB01C45-2CB1-46F5-BCD4-AB310F166E41}.Debug|Any CPU.Build.0 = Debug|Any CPU
		{2DB01C45-2CB1-46F5-BCD4-AB310F166E41}.Debug|x64.ActiveCfg = Debug|Any CPU
		{2DB01C45-2CB1-46F5-BCD4-AB310F166E41}.Debug|x64.Build.0 = Debug|Any CPU
		{2DB01C45-2CB1-46F5-BCD4-AB310F166E41}.Debug|x86.ActiveCfg = Debug|Any CPU
		{2DB01C45-2CB1-46F5-BCD4-AB310F166E41}.Debug|x86.Build.0 = Debug|Any CPU
		{2DB01C45-2CB1-46F5-BCD4-AB310F166E41}.Release|Any CPU.ActiveCfg = Release|Any CPU
		{2DB01C45-2CB1-46F5-BCD4-AB310F166E41}.Release|Any CPU.Build.0 = Release|Any CPU
		{2DB01C45-2CB1-46F5-BCD4-AB310F166E41}.Release|x64.ActiveCfg = Release|Any CPU
		{2DB01C45-2CB1-46F5-BCD4-AB310F166E41}.Release|x64.Build.0 = Release|Any CPU
		{2DB01C45-2CB1-46F5-BCD4-AB310F166E41}.Release|x86.ActiveCfg = Release|Any CPU
		{2DB01C45-2CB1-46F5-BCD4-AB310F166E41}.Release|x86.Build.0 = Release|Any CPU
	EndGlobalSection
EndGlobal
